
Microsoft Visual Studio Solution File, Format Version 12.00
# Visual Studio Version 17
VisualStudioVersion = 17.2.32630.192
MinimumVisualStudioVersion = 10.0.40219.1
Project("{9A19103F-16F7-4668-BE54-9A1E7A4F7556}") = "Nile.Web", "Nile.Web\Nile.Web.csproj", "{79229122-59C7-43EF-A8EC-8AF8C46A8B51}"
EndProject
Project("{9A19103F-16F7-4668-BE54-9A1E7A4F7556}") = "Nile.API", "Nile.API\Nile.API.csproj", "{162A67E2-0614-40F5-9D45-61D06EE42486}"
EndProject
Project("{9A19103F-16F7-4668-BE54-9A1E7A4F7556}") = "Nile.Models", "Nile.Models\Nile.Models.csproj", "{F9A6BDEF-AE8B-42D4-8AF5-832542293D8C}"
EndProject
Global
	GlobalSection(SolutionConfigurationPlatforms) = preSolution
		Debug|Any CPU = Debug|Any CPU
		Release|Any CPU = Release|Any CPU
	EndGlobalSection
	GlobalSection(ProjectConfigurationPlatforms) = postSolution
		{79229122-59C7-43EF-A8EC-8AF8C46A8B51}.Debug|Any CPU.ActiveCfg = Debug|Any CPU
		{79229122-59C7-43EF-A8EC-8AF8C46A8B51}.Debug|Any CPU.Build.0 = Debug|Any CPU
		{79229122-59C7-43EF-A8EC-8AF8C46A8B51}.Release|Any CPU.ActiveCfg = Release|Any CPU
		{79229122-59C7-43EF-A8EC-8AF8C46A8B51}.Release|Any CPU.Build.0 = Release|Any CPU
		{162A67E2-0614-40F5-9D45-61D06EE42486}.Debug|Any CPU.ActiveCfg = Debug|Any CPU
		{162A67E2-0614-40F5-9D45-61D06EE42486}.Debug|Any CPU.Build.0 = Debug|Any CPU
		{162A67E2-0614-40F5-9D45-61D06EE42486}.Release|Any CPU.ActiveCfg = Release|Any CPU
		{162A67E2-0614-40F5-9D45-61D06EE42486}.Release|Any CPU.Build.0 = Release|Any CPU
		{F9A6BDEF-AE8B-42D4-8AF5-832542293D8C}.Debug|Any CPU.ActiveCfg = Debug|Any CPU
		{F9A6BDEF-AE8B-42D4-8AF5-832542293D8C}.Debug|Any CPU.Build.0 = Debug|Any CPU
		{F9A6BDEF-AE8B-42D4-8AF5-832542293D8C}.Release|Any CPU.ActiveCfg = Release|Any CPU
		{F9A6BDEF-AE8B-42D4-8AF5-832542293D8C}.Release|Any CPU.Build.0 = Release|Any CPU
	EndGlobalSection
	GlobalSection(SolutionProperties) = preSolution
		HideSolutionNode = FALSE
	EndGlobalSection
	GlobalSection(ExtensibilityGlobals) = postSolution
		SolutionGuid = {7171B292-4A2A-4443-B6C8-A77B333B6EF6}
	EndGlobalSection
EndGlobal
